
Microsoft Visual Studio Solution File, Format Version 12.00
# Visual Studio 14
VisualStudioVersion = 14.0.25420.1
MinimumVisualStudioVersion = 10.0.40219.1
Project("{FAE04EC0-301F-11D3-BF4B-00C04F79EFBC}") = "Git2SharpDeployTool", "Git2SharpDeployTool.csproj", "{D214DA72-D2F0-4A87-A1B9-921C2E51530B}"
EndProject
Project("{FAE04EC0-301F-11D3-BF4B-00C04F79EFBC}") = "deploytool.services", "..\deploytool.services\deploytool.services.csproj", "{38E9B69F-2C1C-4B9B-BC27-51DC8E69B3A9}"
EndProject
Global
	GlobalSection(SolutionConfigurationPlatforms) = preSolution
		Debug|Any CPU = Debug|Any CPU
		Release|Any CPU = Release|Any CPU
	EndGlobalSection
	GlobalSection(ProjectConfigurationPlatforms) = postSolution
		{D214DA72-D2F0-4A87-A1B9-921C2E51530B}.Debug|Any CPU.ActiveCfg = Debug|Any CPU
		{D214DA72-D2F0-4A87-A1B9-921C2E51530B}.Debug|Any CPU.Build.0 = Debug|Any CPU
		{D214DA72-D2F0-4A87-A1B9-921C2E51530B}.Release|Any CPU.ActiveCfg = Release|Any CPU
		{D214DA72-D2F0-4A87-A1B9-921C2E51530B}.Release|Any CPU.Build.0 = Release|Any CPU
		{38E9B69F-2C1C-4B9B-BC27-51DC8E69B3A9}.Debug|Any CPU.ActiveCfg = Debug|Any CPU
		{38E9B69F-2C1C-4B9B-BC27-51DC8E69B3A9}.Debug|Any CPU.Build.0 = Debug|Any CPU
		{38E9B69F-2C1C-4B9B-BC27-51DC8E69B3A9}.Release|Any CPU.ActiveCfg = Release|Any CPU
		{38E9B69F-2C1C-4B9B-BC27-51DC8E69B3A9}.Release|Any CPU.Build.0 = Release|Any CPU
	EndGlobalSection
	GlobalSection(SolutionProperties) = preSolution
		HideSolutionNode = FALSE
	EndGlobalSection
EndGlobal
